
Microsoft Visual Studio Solution File, Format Version 12.00
# Visual Studio 14
VisualStudioVersion = 14.0.25123.0
MinimumVisualStudioVersion = 10.0.40219.1
Project("{FAE04EC0-301F-11D3-BF4B-00C04F79EFBC}") = "FacebookBot", "FaceBookBot\FacebookBot.csproj", "{FD63717E-88FF-4514-A0DC-7E33081E00FD}"
EndProject
Project("{FAE04EC0-301F-11D3-BF4B-00C04F79EFBC}") = "DataBase", "DataBase\DataBase.csproj", "{9CB63190-40F0-4AD6-B7D0-E65C8AF017EE}"
EndProject
Project("{FAE04EC0-301F-11D3-BF4B-00C04F79EFBC}") = "Factories", "Factories\Factories.csproj", "{8E39E729-6945-4E56-90A1-3949B567929B}"
EndProject
Global
	GlobalSection(SolutionConfigurationPlatforms) = preSolution
		Debug|Any CPU = Debug|Any CPU
		Release|Any CPU = Release|Any CPU
	EndGlobalSection
	GlobalSection(ProjectConfigurationPlatforms) = postSolution
		{FD63717E-88FF-4514-A0DC-7E33081E00FD}.Debug|Any CPU.ActiveCfg = Debug|Any CPU
		{FD63717E-88FF-4514-A0DC-7E33081E00FD}.Debug|Any CPU.Build.0 = Debug|Any CPU
		{FD63717E-88FF-4514-A0DC-7E33081E00FD}.Release|Any CPU.ActiveCfg = Release|Any CPU
		{FD63717E-88FF-4514-A0DC-7E33081E00FD}.Release|Any CPU.Build.0 = Release|Any CPU
		{9CB63190-40F0-4AD6-B7D0-E65C8AF017EE}.Debug|Any CPU.ActiveCfg = Debug|Any CPU
		{9CB63190-40F0-4AD6-B7D0-E65C8AF017EE}.Debug|Any CPU.Build.0 = Debug|Any CPU
		{9CB63190-40F0-4AD6-B7D0-E65C8AF017EE}.Release|Any CPU.ActiveCfg = Release|Any CPU
		{9CB63190-40F0-4AD6-B7D0-E65C8AF017EE}.Release|Any CPU.Build.0 = Release|Any CPU
		{8E39E729-6945-4E56-90A1-3949B567929B}.Debug|Any CPU.ActiveCfg = Debug|Any CPU
		{8E39E729-6945-4E56-90A1-3949B567929B}.Debug|Any CPU.Build.0 = Debug|Any CPU
		{8E39E729-6945-4E56-90A1-3949B567929B}.Release|Any CPU.ActiveCfg = Release|Any CPU
		{8E39E729-6945-4E56-90A1-3949B567929B}.Release|Any CPU.Build.0 = Release|Any CPU
	EndGlobalSection
	GlobalSection(SolutionProperties) = preSolution
		HideSolutionNode = FALSE
	EndGlobalSection
EndGlobal
